// !$*UTF8*$!
{
	archiveVersion = 1;
	classes = {
	};
	objectVersion = 46;
	objects = {

/* Begin PBXBuildFile section */
		9A5503BC1E2BB92D00D7DADB /* AppDelegate.swift in Sources */ = {isa = PBXBuildFile; fileRef = 9A5503BB1E2BB92D00D7DADB /* AppDelegate.swift */; };
		9A5503BE1E2BB92D00D7DADB /* ViewController.swift in Sources */ = {isa = PBXBuildFile; fileRef = 9A5503BD1E2BB92D00D7DADB /* ViewController.swift */; };
		9A5503C11E2BB92D00D7DADB /* Main.storyboard in Resources */ = {isa = PBXBuildFile; fileRef = 9A5503BF1E2BB92D00D7DADB /* Main.storyboard */; };
		9A5503C31E2BB92D00D7DADB /* Assets.xcassets in Resources */ = {isa = PBXBuildFile; fileRef = 9A5503C21E2BB92D00D7DADB /* Assets.xcassets */; };
		9A5503C61E2BB92D00D7DADB /* LaunchScreen.storyboard in Resources */ = {isa = PBXBuildFile; fileRef = 9A5503C41E2BB92D00D7DADB /* LaunchScreen.storyboard */; };
		9A5503CE1E2BC29C00D7DADB /* BundleExtension.swift in Sources */ = {isa = PBXBuildFile; fileRef = 9A5503CD1E2BC29C00D7DADB /* BundleExtension.swift */; };
/* End PBXBuildFile section */

/* Begin PBXFileReference section */
		9A5503B81E2BB92D00D7DADB /* WeiboSwift.app */ = {isa = PBXFileReference; explicitFileType = wrapper.application; includeInIndex = 0; path = WeiboSwift.app; sourceTree = BUILT_PRODUCTS_DIR; };
		9A5503BB1E2BB92D00D7DADB /* AppDelegate.swift */ = {isa = PBXFileReference; lastKnownFileType = sourcecode.swift; path = AppDelegate.swift; sourceTree = "<group>"; };
		9A5503BD1E2BB92D00D7DADB /* ViewController.swift */ = {isa = PBXFileReference; lastKnownFileType = sourcecode.swift; path = ViewController.swift; sourceTree = "<group>"; };
		9A5503C01E2BB92D00D7DADB /* Base */ = {isa = PBXFileReference; lastKnownFileType = file.storyboard; name = Base; path = Base.lproj/Main.storyboard; sourceTree = "<group>"; };
		9A5503C21E2BB92D00D7DADB /* Assets.xcassets */ = {isa = PBXFileReference; lastKnownFileType = folder.assetcatalog; path = Assets.xcassets; sourceTree = "<group>"; };
		9A5503C51E2BB92D00D7DADB /* Base */ = {isa = PBXFileReference; lastKnownFileType = file.storyboard; name = Base; path = Base.lproj/LaunchScreen.storyboard; sourceTree = "<group>"; };
		9A5503C71E2BB92D00D7DADB /* Info.plist */ = {isa = PBXFileReference; lastKnownFileType = text.plist.xml; path = Info.plist; sourceTree = "<group>"; };
		9A5503CD1E2BC29C00D7DADB /* BundleExtension.swift */ = {isa = PBXFileReference; fileEncoding = 4; lastKnownFileType = sourcecode.swift; path = BundleExtension.swift; sourceTree = "<group>"; };
/* End PBXFileReference section */

/* Begin PBXFrameworksBuildPhase section */
		9A5503B51E2BB92C00D7DADB /* Frameworks */ = {
			isa = PBXFrameworksBuildPhase;
			buildActionMask = 2147483647;
			files = (
			);
			runOnlyForDeploymentPostprocessing = 0;
		};
/* End PBXFrameworksBuildPhase section */

/* Begin PBXGroup section */
		9A5503AF1E2BB92C00D7DADB = {
			isa = PBXGroup;
			children = (
				9A5503BA1E2BB92D00D7DADB /* WeiboSwift */,
				9A5503B91E2BB92D00D7DADB /* Products */,
			);
			sourceTree = "<group>";
		};
		9A5503B91E2BB92D00D7DADB /* Products */ = {
			isa = PBXGroup;
			children = (
				9A5503B81E2BB92D00D7DADB /* WeiboSwift.app */,
			);
			name = Products;
			sourceTree = "<group>";
		};
		9A5503BA1E2BB92D00D7DADB /* WeiboSwift */ = {
			isa = PBXGroup;
			children = (
				9A5503BB1E2BB92D00D7DADB /* AppDelegate.swift */,
				9A5503BD1E2BB92D00D7DADB /* ViewController.swift */,
				9A5503BF1E2BB92D00D7DADB /* Main.storyboard */,
				9A5503C21E2BB92D00D7DADB /* Assets.xcassets */,
				9A5503C41E2BB92D00D7DADB /* LaunchScreen.storyboard */,
				9A5503C71E2BB92D00D7DADB /* Info.plist */,
				9A5503CD1E2BC29C00D7DADB /* BundleExtension.swift */,
			);
			path = WeiboSwift;
			sourceTree = "<group>";
		};
/* End PBXGroup section */

/* Begin PBXNativeTarget section */
		9A5503B71E2BB92C00D7DADB /* WeiboSwift */ = {
			isa = PBXNativeTarget;
			buildConfigurationList = 9A5503CA1E2BB92D00D7DADB /* Build configuration list for PBXNativeTarget "WeiboSwift" */;
			buildPhases = (
				9A5503B41E2BB92C00D7DADB /* Sources */,
				9A5503B51E2BB92C00D7DADB /* Frameworks */,
				9A5503B61E2BB92C00D7DADB /* Resources */,
			);
			buildRules = (
			);
			dependencies = (
			);
			name = WeiboSwift;
			productName = WeiboSwift;
			productReference = 9A5503B81E2BB92D00D7DADB /* WeiboSwift.app */;
			productType = "com.apple.product-type.application";
		};
/* End PBXNativeTarget section */

/* Begin PBXProject section */
		9A5503B01E2BB92C00D7DADB /* Project object */ = {
			isa = PBXProject;
			attributes = {
				LastSwiftUpdateCheck = 0820;
				LastUpgradeCheck = 0820;
				ORGANIZATIONNAME = "周剑峰";
				TargetAttributes = {
					9A5503B71E2BB92C00D7DADB = {
						CreatedOnToolsVersion = 8.2.1;
						ProvisioningStyle = Automatic;
					};
				};
			};
			buildConfigurationList = 9A5503B31E2BB92C00D7DADB /* Build configuration list for PBXProject "WeiboSwift" */;
			compatibilityVersion = "Xcode 3.2";
			developmentRegion = English;
			hasScannedForEncodings = 0;
			knownRegions = (
				en,
				Base,
			);
			mainGroup = 9A5503AF1E2BB92C00D7DADB;
			productRefGroup = 9A5503B91E2BB92D00D7DADB /* Products */;
			projectDirPath = "";
			projectRoot = "";
			targets = (
				9A5503B71E2BB92C00D7DADB /* WeiboSwift */,
			);
		};
/* End PBXProject section */

/* Begin PBXResourcesBuildPhase section */
		9A5503B61E2BB92C00D7DADB /* Resources */ = {
			isa = PBXResourcesBuildPhase;
			buildActionMask = 2147483647;
			files = (
				9A5503C61E2BB92D00D7DADB /* LaunchScreen.storyboard in Resources */,
				9A5503C31E2BB92D00D7DADB /* Assets.xcassets in Resources */,
				9A5503C11E2BB92D00D7DADB /* Main.storyboard in Resources */,
			);
			runOnlyForDeploymentPostprocessing = 0;
		};
/* End PBXResourcesBuildPhase section */

/* Begin PBXSourcesBuildPhase section */
		9A5503B41E2BB92C00D7DADB /* Sources */ = {
			isa = PBXSourcesBuildPhase;
			buildActionMask = 2147483647;
			files = (
				9A5503BE1E2BB92D00D7DADB /* ViewController.swift in Sources */,
				9A5503BC1E2BB92D00D7DADB /* AppDelegate.swift in Sources */,
				9A5503CE1E2BC29C00D7DADB /* BundleExtension.swift in Sources */,
			);
			runOnlyForDeploymentPostprocessing = 0;
		};
/* End PBXSourcesBuildPhase section */

/* Begin PBXVariantGroup section */
		9A5503BF1E2BB92D00D7DADB /* Main.storyboard */ = {
			isa = PBXVariantGroup;
			children = (
				9A5503C01E2BB92D00D7DADB /* Base */,
			);
			name = Main.storyboard;
			sourceTree = "<group>";
		};
		9A5503C41E2BB92D00D7DADB /* LaunchScreen.storyboard */ = {
			isa = PBXVariantGroup;
			children = (
				9A5503C51E2BB92D00D7DADB /* Base */,
			);
			name = LaunchScreen.storyboard;
			sourceTree = "<group>";
		};
/* End PBXVariantGroup section */

/* Begin XCBuildConfiguration section */
		9A5503C81E2BB92D00D7DADB /* Debug */ = {
			isa = XCBuildConfiguration;
			buildSettings = {
				ALWAYS_SEARCH_USER_PATHS = NO;
				CLANG_ANALYZER_NONNULL = YES;
				CLANG_CXX_LANGUAGE_STANDARD = "gnu++0x";
				CLANG_CXX_LIBRARY = "libc++";
				CLANG_ENABLE_MODULES = YES;
				CLANG_ENABLE_OBJC_ARC = YES;
				CLANG_WARN_BOOL_CONVERSION = YES;
				CLANG_WARN_CONSTANT_CONVERSION = YES;
				CLANG_WARN_DIRECT_OBJC_ISA_USAGE = YES_ERROR;
				CLANG_WARN_DOCUMENTATION_COMMENTS = YES;
				CLANG_WARN_EMPTY_BODY = YES;
				CLANG_WARN_ENUM_CONVERSION = YES;
				CLANG_WARN_INFINITE_RECURSION = YES;
				CLANG_WARN_INT_CONVERSION = YES;
				CLANG_WARN_OBJC_ROOT_CLASS = YES_ERROR;
				CLANG_WARN_SUSPICIOUS_MOVE = YES;
				CLANG_WARN_UNREACHABLE_CODE = YES;
				CLANG_WARN__DUPLICATE_METHOD_MATCH = YES;
				"CODE_SIGN_IDENTITY[sdk=iphoneos*]" = "iPhone Developer";
				COPY_PHASE_STRIP = NO;
				DEBUG_INFORMATION_FORMAT = dwarf;
				ENABLE_STRICT_OBJC_MSGSEND = YES;
				ENABLE_TESTABILITY = YES;
				GCC_C_LANGUAGE_STANDARD = gnu99;
				GCC_DYNAMIC_NO_PIC = NO;
				GCC_NO_COMMON_BLOCKS = YES;
				GCC_OPTIMIZATION_LEVEL = 0;
				GCC_PREPROCESSOR_DEFINITIONS = (
					"DEBUG=1",
					"$(inherited)",
				);
				GCC_WARN_64_TO_32_BIT_CONVERSION = YES;
				GCC_WARN_ABOUT_RETURN_TYPE = YES_ERROR;
				GCC_WARN_UNDECLARED_SELECTOR = YES;
				GCC_WARN_UNINITIALIZED_AUTOS = YES_AGGRESSIVE;
				GCC_WARN_UNUSED_FUNCTION = YES;
				GCC_WARN_UNUSED_VARIABLE = YES;
				IPHONEOS_DEPLOYMENT_TARGET = 10.2;
				MTL_ENABLE_DEBUG_INFO = YES;
				ONLY_ACTIVE_ARCH = YES;
				SDKROOT = iphoneos;
				SWIFT_ACTIVE_COMPILATION_CONDITIONS = DEBUG;
				SWIFT_OPTIMIZATION_LEVEL = "-Onone";
				TARGETED_DEVICE_FAMILY = "1,2";
			};
			name = Debug;
		};
		9A5503C91E2BB92D00D7DADB /* Release */ = {
			isa = XCBuildConfiguration;
			buildSettings = {
				ALWAYS_SEARCH_USER_PATHS = NO;
				CLANG_ANALYZER_NONNULL = YES;
				CLANG_CXX_LANGUAGE_STANDARD = "gnu++0x";
				CLANG_CXX_LIBRARY = "libc++";
				CLANG_ENABLE_MODULES = YES;
				CLANG_ENABLE_OBJC_ARC = YES;
				CLANG_WARN_BOOL_CONVERSION = YES;
				CLANG_WARN_CONSTANT_CONVERSION = YES;
				CLANG_WARN_DIRECT_OBJC_ISA_USAGE = YES_ERROR;
				CLANG_WARN_DOCUMENTATION_COMMENTS = YES;
				CLANG_WARN_EMPTY_BODY = YES;
				CLANG_WARN_ENUM_CONVERSION = YES;
				CLANG_WARN_INFINITE_RECURSION = YES;
				CLANG_WARN_INT_CONVERSION = YES;
				CLANG_WARN_OBJC_ROOT_CLASS = YES_ERROR;
				CLANG_WARN_SUSPICIOUS_MOVE = YES;
				CLANG_WARN_UNREACHABLE_CODE = YES;
				CLANG_WARN__DUPLICATE_METHOD_MATCH = YES;
				"CODE_SIGN_IDENTITY[sdk=iphoneos*]" = "iPhone Developer";
				COPY_PHASE_STRIP = NO;
				DEBUG_INFORMATION_FORMAT = "dwarf-with-dsym";
				ENABLE_NS_ASSERTIONS = NO;
				ENABLE_STRICT_OBJC_MSGSEND = YES;
				GCC_C_LANGUAGE_STANDARD = gnu99;
				GCC_NO_COMMON_BLOCKS = YES;
				GCC_WARN_64_TO_32_BIT_CONVERSION = YES;
				GCC_WARN_ABOUT_RETURN_TYPE = YES_ERROR;
				GCC_WARN_UNDECLARED_SELECTOR = YES;
				GCC_WARN_UNINITIALIZED_AUTOS = YES_AGGRESSIVE;
				GCC_WARN_UNUSED_FUNCTION = YES;
				GCC_WARN_UNUSED_VARIABLE = YES;
				IPHONEOS_DEPLOYMENT_TARGET = 10.2;
				MTL_ENABLE_DEBUG_INFO = NO;
				SDKROOT = iphoneos;
				SWIFT_OPTIMIZATION_LEVEL = "-Owholemodule";
				TARGETED_DEVICE_FAMILY = "1,2";
				VALIDATE_PRODUCT = YES;
			};
			name = Release;
		};
		9A5503CB1E2BB92D00D7DADB /* Debug */ = {
			isa = XCBuildConfiguration;
			buildSettings = {
				ASSETCATALOG_COMPILER_APPICON_NAME = AppIcon;
				INFOPLIST_FILE = WeiboSwift/Info.plist;
				LD_RUNPATH_SEARCH_PATHS = "$(inherited) @executable_path/Frameworks";
				PRODUCT_BUNDLE_IDENTIFIER = cn.6ag.WeiboSwift;
				PRODUCT_NAME = "$(TARGET_NAME)";
				SWIFT_VERSION = 3.0;
			};
			name = Debug;
		};
		9A5503CC1E2BB92D00D7DADB /* Release */ = {
			isa = XCBuildConfiguration;
			buildSettings = {
				ASSETCATALOG_COMPILER_APPICON_NAME = AppIcon;
				INFOPLIST_FILE = WeiboSwift/Info.plist;
				LD_RUNPATH_SEARCH_PATHS = "$(inherited) @executable_path/Frameworks";
				PRODUCT_BUNDLE_IDENTIFIER = cn.6ag.WeiboSwift;
				PRODUCT_NAME = "$(TARGET_NAME)";
				SWIFT_VERSION = 3.0;
			};
			name = Release;
		};
/* End XCBuildConfiguration section */

/* Begin XCConfigurationList section */
		9A5503B31E2BB92C00D7DADB /* Build configuration list for PBXProject "WeiboSwift" */ = {
			isa = XCConfigurationList;
			buildConfigurations = (
				9A5503C81E2BB92D00D7DADB /* Debug */,
				9A5503C91E2BB92D00D7DADB /* Release */,
			);
			defaultConfigurationIsVisible = 0;
			defaultConfigurationName = Release;
		};
		9A5503CA1E2BB92D00D7DADB /* Build configuration list for PBXNativeTarget "WeiboSwift" */ = {
			isa = XCConfigurationList;
			buildConfigurations = (
				9A5503CB1E2BB92D00D7DADB /* Debug */,
				9A5503CC1E2BB92D00D7DADB /* Release */,
			);
			defaultConfigurationIsVisible = 0;
		};
/* End XCConfigurationList section */
	};
	rootObject = 9A5503B01E2BB92C00D7DADB /* Project object */;
}
